
Microsoft Visual Studio Solution File, Format Version 12.00
# Visual Studio Version 17
VisualStudioVersion = 17.7.34031.279
MinimumVisualStudioVersion = 10.0.40219.1
Project("{FAE04EC0-301F-11D3-BF4B-00C04F79EFBC}") = "MartinezBianchi.Michelle.4i.Stampante", "MartinezBianchi.Michelle.4i.Stampante\MartinezBianchi.Michelle.4i.Stampante.csproj", "{7F3CA4A5-676A-4977-A2E0-155D2C312932}"
EndProject
Global
	GlobalSection(SolutionConfigurationPlatforms) = preSolution
		Debug|Any CPU = Debug|Any CPU
		Release|Any CPU = Release|Any CPU
	EndGlobalSection
	GlobalSection(ProjectConfigurationPlatforms) = postSolution
		{7F3CA4A5-676A-4977-A2E0-155D2C312932}.Debug|Any CPU.ActiveCfg = Debug|Any CPU
		{7F3CA4A5-676A-4977-A2E0-155D2C312932}.Debug|Any CPU.Build.0 = Debug|Any CPU
		{7F3CA4A5-676A-4977-A2E0-155D2C312932}.Release|Any CPU.ActiveCfg = Release|Any CPU
		{7F3CA4A5-676A-4977-A2E0-155D2C312932}.Release|Any CPU.Build.0 = Release|Any CPU
	EndGlobalSection
	GlobalSection(SolutionProperties) = preSolution
		HideSolutionNode = FALSE
	EndGlobalSection
	GlobalSection(ExtensibilityGlobals) = postSolution
		SolutionGuid = {DDDF1D02-6B74-4061-BE43-31EF1B391FB5}
	EndGlobalSection
EndGlobal
